{
  "nodes": {
    "nixos-hardware": {
      "locked": {
        "lastModified": 1691179816,
        "narHash": "sha256-WSMwqzU70ZMRHv1CUAfHEEKJuB0c9c9r0F+lJehXfSI=",
        "owner": "NixOS",
        "repo": "nixos-hardware",
        "rev": "87e3122b67587492a617764f88c71991893fcf8a",
        "type": "github"
      },
      "original": {
        "owner": "NixOS",
        "ref": "master",
        "repo": "nixos-hardware",
        "type": "github"
      }
    },
    "nixpkgs": {
      "locked": {
        "lastModified": 1691155011,
        "narHash": "sha256-O15tC0ysw+fcacEbOzrDrkVNIR+SgtArSGvpgsEqpvA=",
        "owner": "NixOS",
        "repo": "nixpkgs",
        "rev": "9652a97d9738d3e65cf33c0bc24429e495a7868f",
        "type": "github"
      },
      "original": {
        "owner": "NixOS",
        "ref": "nixos-23.05",
        "repo": "nixpkgs",
        "type": "github"
      }
    },
    "root": {
      "inputs": {
        "nixos-hardware": "nixos-hardware",
        "nixpkgs": "nixpkgs"
      }
    }
  },
  "root": "root",
  "version": 7
}
