{
  "nodes": {
    "nixos-hardware": {
      "locked": {
        "lastModified": 1676775543,
        "narHash": "sha256-VI0e60l94RY9Sc90OwDZpOf/nyLy41n2ULK6I6YkoP8=",
        "owner": "NixOS",
        "repo": "nixos-hardware",
        "rev": "525177a78023e1363bee482f520d4f2471ada03a",
        "type": "github"
      },
      "original": {
        "owner": "NixOS",
        "ref": "master",
        "repo": "nixos-hardware",
        "type": "github"
      }
    },
    "nixpkgs": {
      "locked": {
        "lastModified": 1676718858,
        "narHash": "sha256-giQecvcifVLNHCC9lMfTGP09tNxXhOMw+d/aql7MhRw=",
        "owner": "NixOS",
        "repo": "nixpkgs",
        "rev": "e6d5772f3515b8518d50122471381feae7cbae36",
        "type": "github"
      },
      "original": {
        "owner": "NixOS",
        "ref": "nixos-22.11",
        "repo": "nixpkgs",
        "type": "github"
      }
    },
    "root": {
      "inputs": {
        "nixos-hardware": "nixos-hardware",
        "nixpkgs": "nixpkgs"
      }
    }
  },
  "root": "root",
  "version": 7
}
