{
  "nodes": {
    "nixos-hardware": {
      "locked": {
        "lastModified": 1676775543,
        "narHash": "sha256-VI0e60l94RY9Sc90OwDZpOf/nyLy41n2ULK6I6YkoP8=",
        "owner": "NixOS",
        "repo": "nixos-hardware",
        "rev": "525177a78023e1363bee482f520d4f2471ada03a",
        "type": "github"
      },
      "original": {
        "owner": "NixOS",
        "ref": "master",
        "repo": "nixos-hardware",
        "type": "github"
      }
    },
    "nixpkgs": {
      "locked": {
        "lastModified": 1676998680,
        "narHash": "sha256-61gxdL3bqHWnRSiYq+sKWbSX6tuwaRnYfPvhpRK011s=",
        "owner": "NixOS",
        "repo": "nixpkgs",
        "rev": "a3d745e701c337e65ef467d5a9400d9336a303a1",
        "type": "github"
      },
      "original": {
        "owner": "NixOS",
        "ref": "nixos-22.11",
        "repo": "nixpkgs",
        "type": "github"
      }
    },
    "root": {
      "inputs": {
        "nixos-hardware": "nixos-hardware",
        "nixpkgs": "nixpkgs"
      }
    }
  },
  "root": "root",
  "version": 7
}
